
Microsoft Visual Studio Solution File, Format Version 12.00
# Visual Studio Version 17
VisualStudioVersion = 17.13.35825.156
MinimumVisualStudioVersion = 10.0.40219.1
Project("{FAE04EC0-301F-11D3-BF4B-00C04F79EFBC}") = "LIT.Server", "LIT.Server\LIT.Server.csproj", "{ECE7A3E3-9E36-494E-8483-457062943FD0}"
EndProject
Global
	GlobalSection(SolutionConfigurationPlatforms) = preSolution
		Debug|Any CPU = Debug|Any CPU
		Release|Any CPU = Release|Any CPU
	EndGlobalSection
	GlobalSection(ProjectConfigurationPlatforms) = postSolution
		{ECE7A3E3-9E36-494E-8483-457062943FD0}.Debug|Any CPU.ActiveCfg = Debug|Any CPU
		{ECE7A3E3-9E36-494E-8483-457062943FD0}.Debug|Any CPU.Build.0 = Debug|Any CPU
		{ECE7A3E3-9E36-494E-8483-457062943FD0}.Release|Any CPU.ActiveCfg = Release|Any CPU
		{ECE7A3E3-9E36-494E-8483-457062943FD0}.Release|Any CPU.Build.0 = Release|Any CPU
	EndGlobalSection
	GlobalSection(SolutionProperties) = preSolution
		HideSolutionNode = FALSE
	EndGlobalSection
	GlobalSection(ExtensibilityGlobals) = postSolution
		SolutionGuid = {CD658353-4D6A-43DB-815C-5BD09F793B6A}
	EndGlobalSection
EndGlobal
